PODS:
  - AFNetworking (2.6.1):
    - AFNetworking/NSURLConnection (= 2.6.1)
    - AFNetworking/NSURLSession (= 2.6.1)
    - AFNetworking/Reachability (= 2.6.1)
    - AFNetworking/Security (= 2.6.1)
    - AFNetworking/Serialization (= 2.6.1)
    - AFNetworking/UIKit (= 2.6.1)
  - AFNetworking/NSURLConnection (2.6.1):
    - AFNetworking/Reachability
    - AFNetworking/Security
    - AFNetworking/Serialization
  - AFNetworking/NSURLSession (2.6.1):
    - AFNetworking/Reachability
    - AFNetworking/Security
    - AFNetworking/Serialization
  - AFNetworking/Reachability (2.6.1)
  - AFNetworking/Security (2.6.1)
  - AFNetworking/Serialization (2.6.1)
  - AFNetworking/UIKit (2.6.1):
    - AFNetworking/NSURLConnection
    - AFNetworking/NSURLSession
  - Expecta (0.3.0)
  - OCMock (2.2.4)
  - OHHTTPStubs (3.1.1)

DEPENDENCIES:
  - AFNetworking (= 2.6.1)
  - Expecta
  - OCMock
  - OHHTTPStubs

SPEC CHECKSUMS:
  AFNetworking: 8e4e60500beb8bec644cf575beee72990a76d399
  Expecta: 917bda2935b63ca7175741b8cf1b26796db6205f
  OCMock: a6a7dc0e3997fb9f35d99f72528698ebf60d64f2
  OHHTTPStubs: cc1b9cb45b963daf891aa736f35d29d74308f0c9

COCOAPODS: 0.39.0
